
Microsoft Visual Studio Solution File, Format Version 12.00
# Visual Studio 15
VisualStudioVersion = 15.0.28010.2026
MinimumVisualStudioVersion = 10.0.40219.1
Project("{8BC9CEB8-8B4A-11D0-8D11-00A0C91BC942}") = "4cpp", "4cpp\4cpp.vcxproj", "{3243D9B1-CBAF-4E1D-8749-E16D972896D6}"
EndProject
Global
	GlobalSection(SolutionConfigurationPlatforms) = preSolution
		Debug|x64 = Debug|x64
		Debug|x86 = Debug|x86
		Release|x64 = Release|x64
		Release|x86 = Release|x86
	EndGlobalSection
	GlobalSection(ProjectConfigurationPlatforms) = postSolution
		{3243D9B1-CBAF-4E1D-8749-E16D972896D6}.Debug|x64.ActiveCfg = Debug|x64
		{3243D9B1-CBAF-4E1D-8749-E16D972896D6}.Debug|x64.Build.0 = Debug|x64
		{3243D9B1-CBAF-4E1D-8749-E16D972896D6}.Debug|x86.ActiveCfg = Debug|Win32
		{3243D9B1-CBAF-4E1D-8749-E16D972896D6}.Debug|x86.Build.0 = Debug|Win32
		{3243D9B1-CBAF-4E1D-8749-E16D972896D6}.Release|x64.ActiveCfg = Release|x64
		{3243D9B1-CBAF-4E1D-8749-E16D972896D6}.Release|x64.Build.0 = Release|x64
		{3243D9B1-CBAF-4E1D-8749-E16D972896D6}.Release|x86.ActiveCfg = Release|Win32
		{3243D9B1-CBAF-4E1D-8749-E16D972896D6}.Release|x86.Build.0 = Release|Win32
	EndGlobalSection
	GlobalSection(SolutionProperties) = preSolution
		HideSolutionNode = FALSE
	EndGlobalSection
	GlobalSection(ExtensibilityGlobals) = postSolution
		SolutionGuid = {DAB07584-9543-49BC-9830-4D67F58F7CE3}
	EndGlobalSection
EndGlobal
